
Microsoft Visual Studio Solution File, Format Version 12.00
# Visual Studio Version 18
VisualStudioVersion = 18.5.11626.173
MinimumVisualStudioVersion = 10.0.40219.1
Project("{FAE04EC0-301F-11D3-BF4B-00C04F79EFBC}") = "DuivenPlatform.Api", "DuivenPlatform.Api\DuivenPlatform.Api.csproj", "{BAF1C684-9476-4EF6-935A-1F1764717E4C}"
EndProject
Project("{FAE04EC0-301F-11D3-BF4B-00C04F79EFBC}") = "DuivenPlatform.Web", "DuivenPlatform.Web\DuivenPlatform.Web.csproj", "{B5196ECB-08A0-4284-A3B8-FEECED8FC814}"
EndProject
Project("{2150E333-8FDC-42A3-9474-1A3956D46DE8}") = "Solution Items", "Solution Items", "{17397A91-B320-459B-9D0D-7AEF3C096E39}"
	ProjectSection(SolutionItems) = preProject
		.gitignore = .gitignore
	EndProjectSection
EndProject
Global
	GlobalSection(SolutionConfigurationPlatforms) = preSolution
		Debug|Any CPU = Debug|Any CPU
		Release|Any CPU = Release|Any CPU
	EndGlobalSection
	GlobalSection(ProjectConfigurationPlatforms) = postSolution
		{BAF1C684-9476-4EF6-935A-1F1764717E4C}.Debug|Any CPU.ActiveCfg = Debug|Any CPU
		{BAF1C684-9476-4EF6-935A-1F1764717E4C}.Debug|Any CPU.Build.0 = Debug|Any CPU
		{BAF1C684-9476-4EF6-935A-1F1764717E4C}.Release|Any CPU.ActiveCfg = Release|Any CPU
		{BAF1C684-9476-4EF6-935A-1F1764717E4C}.Release|Any CPU.Build.0 = Release|Any CPU
		{B5196ECB-08A0-4284-A3B8-FEECED8FC814}.Debug|Any CPU.ActiveCfg = Debug|Any CPU
		{B5196ECB-08A0-4284-A3B8-FEECED8FC814}.Debug|Any CPU.Build.0 = Debug|Any CPU
		{B5196ECB-08A0-4284-A3B8-FEECED8FC814}.Release|Any CPU.ActiveCfg = Release|Any CPU
		{B5196ECB-08A0-4284-A3B8-FEECED8FC814}.Release|Any CPU.Build.0 = Release|Any CPU
	EndGlobalSection
	GlobalSection(SolutionProperties) = preSolution
		HideSolutionNode = FALSE
	EndGlobalSection
	GlobalSection(ExtensibilityGlobals) = postSolution
		SolutionGuid = {1A9FD5F6-28C2-484F-9DAB-C928A726832D}
	EndGlobalSection
EndGlobal
